
Microsoft Visual Studio Solution File, Format Version 12.00
# Visual Studio 15
VisualStudioVersion = 15.0.26228.4
MinimumVisualStudioVersion = 10.0.40219.1
Project("{FAE04EC0-301F-11D3-BF4B-00C04F79EFBC}") = "ProjectManager.DataAccess", "ProjectManager.DataAccess\ProjectManager.DataAccess.csproj", "{DEE77CAE-FAB7-4B53-90FD-E8CCD8E2BBC4}"
EndProject
Project("{FAE04EC0-301F-11D3-BF4B-00C04F79EFBC}") = "ProjectManager.Logic", "ProjectManager.Logic\ProjectManager.Logic.csproj", "{7C992E42-3653-4EFE-9DDD-CB0CB7DE7832}"
EndProject
Project("{FAE04EC0-301F-11D3-BF4B-00C04F79EFBC}") = "ProjectManager.BusinessObjects", "ProjectManager.BusinessObjects\ProjectManager.BusinessObjects.csproj", "{52316076-C759-4E34-BA3F-6BF6A0D5CB43}"
EndProject
Global
	GlobalSection(SolutionConfigurationPlatforms) = preSolution
		Debug|Any CPU = Debug|Any CPU
		Release|Any CPU = Release|Any CPU
	EndGlobalSection
	GlobalSection(ProjectConfigurationPlatforms) = postSolution
		{DEE77CAE-FAB7-4B53-90FD-E8CCD8E2BBC4}.Debug|Any CPU.ActiveCfg = Debug|Any CPU
		{DEE77CAE-FAB7-4B53-90FD-E8CCD8E2BBC4}.Debug|Any CPU.Build.0 = Debug|Any CPU
		{DEE77CAE-FAB7-4B53-90FD-E8CCD8E2BBC4}.Release|Any CPU.ActiveCfg = Release|Any CPU
		{DEE77CAE-FAB7-4B53-90FD-E8CCD8E2BBC4}.Release|Any CPU.Build.0 = Release|Any CPU
		{7C992E42-3653-4EFE-9DDD-CB0CB7DE7832}.Debug|Any CPU.ActiveCfg = Debug|Any CPU
		{7C992E42-3653-4EFE-9DDD-CB0CB7DE7832}.Debug|Any CPU.Build.0 = Debug|Any CPU
		{7C992E42-3653-4EFE-9DDD-CB0CB7DE7832}.Release|Any CPU.ActiveCfg = Release|Any CPU
		{7C992E42-3653-4EFE-9DDD-CB0CB7DE7832}.Release|Any CPU.Build.0 = Release|Any CPU
		{52316076-C759-4E34-BA3F-6BF6A0D5CB43}.Debug|Any CPU.ActiveCfg = Debug|Any CPU
		{52316076-C759-4E34-BA3F-6BF6A0D5CB43}.Debug|Any CPU.Build.0 = Debug|Any CPU
		{52316076-C759-4E34-BA3F-6BF6A0D5CB43}.Release|Any CPU.ActiveCfg = Release|Any CPU
		{52316076-C759-4E34-BA3F-6BF6A0D5CB43}.Release|Any CPU.Build.0 = Release|Any CPU
	EndGlobalSection
	GlobalSection(SolutionProperties) = preSolution
		HideSolutionNode = FALSE
	EndGlobalSection
EndGlobal
